{
  "name": "pjh",
  "version": "1.0.0",
  "lockfileVersion": 2,
  "requires": true,
  "packages": {
    "": {
      "name": "pjh",
      "version": "1.0.0",
      "license": "ISC",
      "dependencies": {
        "@dcloudio/uni-ui": "^1.4.22",
        "uview-ui": "^2.0.33"
      }
    },
    "node_modules/@dcloudio/uni-ui": {
      "version": "1.4.22",
      "resolved": "https://registry.npmjs.org/@dcloudio/uni-ui/-/uni-ui-1.4.22.tgz",
      "integrity": "sha512-+ymdGhp+If+iZXzgf8rOQNz7mIKenTbzO9T6zkte5YC7WuBQyH4pwWpWRTpatR81XHZwJ2zES1DvJexzSS0Huw=="
    },
    "node_modules/uview-ui": {
      "version": "2.0.33",
      "resolved": "https://registry.npmmirror.com/uview-ui/-/uview-ui-2.0.33.tgz",
      "integrity": "sha512-M3NsLFAY0z95NGMnTCDUR/TvJb6a/UYZzi1km5Gi6TkBCaoHdbmtQymkc1C4eszeoQOrpEIhit/2V47UglzHRw==",
      "engines": {
        "HBuilderX": "^3.1.0"
      }
    }
  },
  "dependencies": {
    "@dcloudio/uni-ui": {
      "version": "1.4.22",
      "resolved": "https://registry.npmjs.org/@dcloudio/uni-ui/-/uni-ui-1.4.22.tgz",
      "integrity": "sha512-+ymdGhp+If+iZXzgf8rOQNz7mIKenTbzO9T6zkte5YC7WuBQyH4pwWpWRTpatR81XHZwJ2zES1DvJexzSS0Huw=="
    },
    "uview-ui": {
      "version": "2.0.33",
      "resolved": "https://registry.npmmirror.com/uview-ui/-/uview-ui-2.0.33.tgz",
      "integrity": "sha512-M3NsLFAY0z95NGMnTCDUR/TvJb6a/UYZzi1km5Gi6TkBCaoHdbmtQymkc1C4eszeoQOrpEIhit/2V47UglzHRw=="
    }
  }
}
